
Microsoft Visual Studio Solution File, Format Version 12.00
# Visual Studio 14
VisualStudioVersion = 14.0.25420.1
MinimumVisualStudioVersion = 10.0.40219.1
Project("{FAE04EC0-301F-11D3-BF4B-00C04F79EFBC}") = "Trains.Core", "Trains.Core\Trains.Core.csproj", "{AEEA510A-AB9C-43C1-89CD-8CC9A13828EE}"
EndProject
Project("{FAE04EC0-301F-11D3-BF4B-00C04F79EFBC}") = "Trains.WPF", "Trains.WPF\Trains.WPF.csproj", "{BF09E395-6539-473B-9E48-F6DE2471A7FA}"
EndProject
Global
	GlobalSection(SolutionConfigurationPlatforms) = preSolution
		Debug|Any CPU = Debug|Any CPU
		Release|Any CPU = Release|Any CPU
	EndGlobalSection
	GlobalSection(ProjectConfigurationPlatforms) = postSolution
		{AEEA510A-AB9C-43C1-89CD-8CC9A13828EE}.Debug|Any CPU.ActiveCfg = Debug|Any CPU
		{AEEA510A-AB9C-43C1-89CD-8CC9A13828EE}.Debug|Any CPU.Build.0 = Debug|Any CPU
		{AEEA510A-AB9C-43C1-89CD-8CC9A13828EE}.Release|Any CPU.ActiveCfg = Release|Any CPU
		{AEEA510A-AB9C-43C1-89CD-8CC9A13828EE}.Release|Any CPU.Build.0 = Release|Any CPU
		{BF09E395-6539-473B-9E48-F6DE2471A7FA}.Debug|Any CPU.ActiveCfg = Debug|Any CPU
		{BF09E395-6539-473B-9E48-F6DE2471A7FA}.Debug|Any CPU.Build.0 = Debug|Any CPU
		{BF09E395-6539-473B-9E48-F6DE2471A7FA}.Release|Any CPU.ActiveCfg = Release|Any CPU
		{BF09E395-6539-473B-9E48-F6DE2471A7FA}.Release|Any CPU.Build.0 = Release|Any CPU
	EndGlobalSection
	GlobalSection(SolutionProperties) = preSolution
		HideSolutionNode = FALSE
	EndGlobalSection
EndGlobal
